Microsoft Visual Studio Solution File, Format Version 12.00
# Visual Studio Version 17
VisualStudioVersion = 17.5.2.0
MinimumVisualStudioVersion = 10.0.40219.1
Project("{FAE04EC0-301F-11D3-BF4B-00C04F79EFBC}") = "FoodTech", "FoodTech.csproj", "{3C00F658-AF40-2018-CF8A-4278D3F0011B}"
EndProject
Global
	GlobalSection(SolutionConfigurationPlatforms) = preSolution
		Debug|Any CPU = Debug|Any CPU
		Release|Any CPU = Release|Any CPU
	EndGlobalSection
	GlobalSection(ProjectConfigurationPlatforms) = postSolution
		{3C00F658-AF40-2018-CF8A-4278D3F0011B}.Debug|Any CPU.ActiveCfg = Debug|Any CPU
		{3C00F658-AF40-2018-CF8A-4278D3F0011B}.Debug|Any CPU.Build.0 = Debug|Any CPU
		{3C00F658-AF40-2018-CF8A-4278D3F0011B}.Release|Any CPU.ActiveCfg = Release|Any CPU
		{3C00F658-AF40-2018-CF8A-4278D3F0011B}.Release|Any CPU.Build.0 = Release|Any CPU
	EndGlobalSection
	GlobalSection(SolutionProperties) = preSolution
		HideSolutionNode = FALSE
	EndGlobalSection
	GlobalSection(ExtensibilityGlobals) = postSolution
		SolutionGuid = {A9E1C5B2-1862-4DD8-85B4-559915904AA0}
	EndGlobalSection
EndGlobal
